
Microsoft Visual Studio Solution File, Format Version 12.00
# Visual Studio Version 16
VisualStudioVersion = 16.0.30320.27
MinimumVisualStudioVersion = 10.0.40219.1
Project("{9A19103F-16F7-4668-BE54-9A1E7A4F7556}") = "CommandProcessor", "ConsoleApp1\CommandProcessor.csproj", "{C445313A-8110-4D43-8F2D-330FE0F08A93}"
EndProject
Global
	GlobalSection(SolutionConfigurationPlatforms) = preSolution
		Debug|Any CPU = Debug|Any CPU
		Release|Any CPU = Release|Any CPU
	EndGlobalSection
	GlobalSection(ProjectConfigurationPlatforms) = postSolution
		{C445313A-8110-4D43-8F2D-330FE0F08A93}.Debug|Any CPU.ActiveCfg = Debug|Any CPU
		{C445313A-8110-4D43-8F2D-330FE0F08A93}.Debug|Any CPU.Build.0 = Debug|Any CPU
		{C445313A-8110-4D43-8F2D-330FE0F08A93}.Release|Any CPU.ActiveCfg = Release|Any CPU
		{C445313A-8110-4D43-8F2D-330FE0F08A93}.Release|Any CPU.Build.0 = Release|Any CPU
	EndGlobalSection
	GlobalSection(SolutionProperties) = preSolution
		HideSolutionNode = FALSE
	EndGlobalSection
	GlobalSection(ExtensibilityGlobals) = postSolution
		SolutionGuid = {93C2584B-05A9-480E-A88D-1467D3BC13FF}
	EndGlobalSection
EndGlobal
